
Microsoft Visual Studio Solution File, Format Version 12.00
# Visual Studio 2012
Project("{CC5FD16D-436D-48AD-A40C-5A424C6E3E79}") = "ZipService5", "ZipService5\ZipService5.ccproj", "{F9B4FC4E-1955-4022-BA4E-BD07B2D7FFFC}"
EndProject
Project("{FAE04EC0-301F-11D3-BF4B-00C04F79EFBC}") = "WCFServiceWebRole1", "WCFServiceWebRole1\WCFServiceWebRole1.csproj", "{145D0068-01D2-4DFE-9599-B074ACF6F82B}"
EndProject
Global
	GlobalSection(SolutionConfigurationPlatforms) = preSolution
		Debug|Any CPU = Debug|Any CPU
		Release|Any CPU = Release|Any CPU
	EndGlobalSection
	GlobalSection(ProjectConfigurationPlatforms) = postSolution
		{F9B4FC4E-1955-4022-BA4E-BD07B2D7FFFC}.Debug|Any CPU.ActiveCfg = Debug|Any CPU
		{F9B4FC4E-1955-4022-BA4E-BD07B2D7FFFC}.Debug|Any CPU.Build.0 = Debug|Any CPU
		{F9B4FC4E-1955-4022-BA4E-BD07B2D7FFFC}.Release|Any CPU.ActiveCfg = Release|Any CPU
		{F9B4FC4E-1955-4022-BA4E-BD07B2D7FFFC}.Release|Any CPU.Build.0 = Release|Any CPU
		{145D0068-01D2-4DFE-9599-B074ACF6F82B}.Debug|Any CPU.ActiveCfg = Debug|Any CPU
		{145D0068-01D2-4DFE-9599-B074ACF6F82B}.Debug|Any CPU.Build.0 = Debug|Any CPU
		{145D0068-01D2-4DFE-9599-B074ACF6F82B}.Release|Any CPU.ActiveCfg = Release|Any CPU
		{145D0068-01D2-4DFE-9599-B074ACF6F82B}.Release|Any CPU.Build.0 = Release|Any CPU
	EndGlobalSection
	GlobalSection(SolutionProperties) = preSolution
		HideSolutionNode = FALSE
	EndGlobalSection
EndGlobal
